
Microsoft Visual Studio Solution File, Format Version 12.00
# Visual Studio 15
VisualStudioVersion = 15.0.27703.2000
MinimumVisualStudioVersion = 10.0.40219.1
Project("{9A19103F-16F7-4668-BE54-9A1E7A4F7556}") = "SunRizServer", "SunRizServer\SunRizServer.csproj", "{3C87573B-B815-456C-923B-DFB72A6FFA50}"
EndProject
Project("{FAE04EC0-301F-11D3-BF4B-00C04F79EFBC}") = "SunRizDriver", "SunRizDriver\SunRizDriver.csproj", "{E024AB64-CDFB-4299-A7AC-655F0AE986BF}"
EndProject
Project("{FAE04EC0-301F-11D3-BF4B-00C04F79EFBC}") = "SunRizModbusTcpDriver", "SunRizModbusTcpDriver\SunRizModbusTcpDriver.csproj", "{42565D23-31C3-4856-BB23-E6C437C9BF6F}"
EndProject
Project("{FAE04EC0-301F-11D3-BF4B-00C04F79EFBC}") = "SunRizModbusTcpDriverUnitTest", "SunRizModbusTcpDriverUnitTest\SunRizModbusTcpDriverUnitTest.csproj", "{EEF791CA-1A1C-4713-A8A0-5C2FC7588D0B}"
EndProject
Project("{FAE04EC0-301F-11D3-BF4B-00C04F79EFBC}") = "SunRizOpcDriver", "SunRizOpcDriver\SunRizOpcDriver.csproj", "{5981E0C3-159B-4462-A622-6D85A104165C}"
EndProject
Project("{FAE04EC0-301F-11D3-BF4B-00C04F79EFBC}") = "SunRizStudio", "SunRizStudio\SunRizStudio.csproj", "{150345BE-726E-4256-B606-53B4932CF19B}"
EndProject
Global
	GlobalSection(SolutionConfigurationPlatforms) = preSolution
		Debug|Any CPU = Debug|Any CPU
		Release|Any CPU = Release|Any CPU
	EndGlobalSection
	GlobalSection(ProjectConfigurationPlatforms) = postSolution
		{3C87573B-B815-456C-923B-DFB72A6FFA50}.Debug|Any CPU.ActiveCfg = Debug|Any CPU
		{3C87573B-B815-456C-923B-DFB72A6FFA50}.Debug|Any CPU.Build.0 = Debug|Any CPU
		{3C87573B-B815-456C-923B-DFB72A6FFA50}.Release|Any CPU.ActiveCfg = Release|Any CPU
		{3C87573B-B815-456C-923B-DFB72A6FFA50}.Release|Any CPU.Build.0 = Release|Any CPU
		{E024AB64-CDFB-4299-A7AC-655F0AE986BF}.Debug|Any CPU.ActiveCfg = Debug|Any CPU
		{E024AB64-CDFB-4299-A7AC-655F0AE986BF}.Debug|Any CPU.Build.0 = Debug|Any CPU
		{E024AB64-CDFB-4299-A7AC-655F0AE986BF}.Release|Any CPU.ActiveCfg = Release|Any CPU
		{E024AB64-CDFB-4299-A7AC-655F0AE986BF}.Release|Any CPU.Build.0 = Release|Any CPU
		{42565D23-31C3-4856-BB23-E6C437C9BF6F}.Debug|Any CPU.ActiveCfg = Debug|Any CPU
		{42565D23-31C3-4856-BB23-E6C437C9BF6F}.Debug|Any CPU.Build.0 = Debug|Any CPU
		{42565D23-31C3-4856-BB23-E6C437C9BF6F}.Release|Any CPU.ActiveCfg = Release|Any CPU
		{42565D23-31C3-4856-BB23-E6C437C9BF6F}.Release|Any CPU.Build.0 = Release|Any CPU
		{EEF791CA-1A1C-4713-A8A0-5C2FC7588D0B}.Debug|Any CPU.ActiveCfg = Debug|Any CPU
		{EEF791CA-1A1C-4713-A8A0-5C2FC7588D0B}.Debug|Any CPU.Build.0 = Debug|Any CPU
		{EEF791CA-1A1C-4713-A8A0-5C2FC7588D0B}.Release|Any CPU.ActiveCfg = Release|Any CPU
		{EEF791CA-1A1C-4713-A8A0-5C2FC7588D0B}.Release|Any CPU.Build.0 = Release|Any CPU
		{5981E0C3-159B-4462-A622-6D85A104165C}.Debug|Any CPU.ActiveCfg = Debug|Any CPU
		{5981E0C3-159B-4462-A622-6D85A104165C}.Debug|Any CPU.Build.0 = Debug|Any CPU
		{5981E0C3-159B-4462-A622-6D85A104165C}.Release|Any CPU.ActiveCfg = Release|Any CPU
		{5981E0C3-159B-4462-A622-6D85A104165C}.Release|Any CPU.Build.0 = Release|Any CPU
		{150345BE-726E-4256-B606-53B4932CF19B}.Debug|Any CPU.ActiveCfg = Debug|Any CPU
		{150345BE-726E-4256-B606-53B4932CF19B}.Debug|Any CPU.Build.0 = Debug|Any CPU
		{150345BE-726E-4256-B606-53B4932CF19B}.Release|Any CPU.ActiveCfg = Release|Any CPU
		{150345BE-726E-4256-B606-53B4932CF19B}.Release|Any CPU.Build.0 = Release|Any CPU
	EndGlobalSection
	GlobalSection(SolutionProperties) = preSolution
		HideSolutionNode = FALSE
	EndGlobalSection
	GlobalSection(ExtensibilityGlobals) = postSolution
		SolutionGuid = {E7001954-0E59-45C2-B643-EFAEE45B5120}
	EndGlobalSection
EndGlobal
